
Microsoft Visual Studio Solution File, Format Version 12.00
# Visual Studio 15
Project("{FAE04EC0-301F-11D3-BF4B-00C04F79EFBC}") = "Assembly-CSharp", "Assembly-CSharp.csproj", "{5B92D885-879C-D6CF-1308-57C9094B8D24}"
EndProject
Project("{FAE04EC0-301F-11D3-BF4B-00C04F79EFBC}") = "lilToon.Editor", "lilToon.Editor.csproj", "{C66D20EA-1608-FF05-BD1F-F031B187D06C}"
EndProject
Project("{FAE04EC0-301F-11D3-BF4B-00C04F79EFBC}") = "lilToon.Editor.External", "lilToon.Editor.External.csproj", "{8E9B17BE-3AB6-A849-3E9C-D5CA3FB286CD}"
EndProject
Project("{FAE04EC0-301F-11D3-BF4B-00C04F79EFBC}") = "Assembly-CSharp-Editor", "Assembly-CSharp-Editor.csproj", "{EEED5274-3CE2-A7F2-1EF1-5CECCD705DCF}"
EndProject
Global
	GlobalSection(SolutionConfigurationPlatforms) = preSolution
		Debug|Any CPU = Debug|Any CPU
		Release|Any CPU = Release|Any CPU
	EndGlobalSection
	GlobalSection(ProjectConfigurationPlatforms) = postSolution
		{5B92D885-879C-D6CF-1308-57C9094B8D24}.Debug|Any CPU.ActiveCfg = Debug|Any CPU
		{5B92D885-879C-D6CF-1308-57C9094B8D24}.Debug|Any CPU.Build.0 = Debug|Any CPU
		{5B92D885-879C-D6CF-1308-57C9094B8D24}.Release|Any CPU.ActiveCfg = Release|Any CPU
		{5B92D885-879C-D6CF-1308-57C9094B8D24}.Release|Any CPU.Build.0 = Release|Any CPU
		{C66D20EA-1608-FF05-BD1F-F031B187D06C}.Debug|Any CPU.ActiveCfg = Debug|Any CPU
		{C66D20EA-1608-FF05-BD1F-F031B187D06C}.Debug|Any CPU.Build.0 = Debug|Any CPU
		{C66D20EA-1608-FF05-BD1F-F031B187D06C}.Release|Any CPU.ActiveCfg = Release|Any CPU
		{C66D20EA-1608-FF05-BD1F-F031B187D06C}.Release|Any CPU.Build.0 = Release|Any CPU
		{8E9B17BE-3AB6-A849-3E9C-D5CA3FB286CD}.Debug|Any CPU.ActiveCfg = Debug|Any CPU
		{8E9B17BE-3AB6-A849-3E9C-D5CA3FB286CD}.Debug|Any CPU.Build.0 = Debug|Any CPU
		{8E9B17BE-3AB6-A849-3E9C-D5CA3FB286CD}.Release|Any CPU.ActiveCfg = Release|Any CPU
		{8E9B17BE-3AB6-A849-3E9C-D5CA3FB286CD}.Release|Any CPU.Build.0 = Release|Any CPU
		{EEED5274-3CE2-A7F2-1EF1-5CECCD705DCF}.Debug|Any CPU.ActiveCfg = Debug|Any CPU
		{EEED5274-3CE2-A7F2-1EF1-5CECCD705DCF}.Debug|Any CPU.Build.0 = Debug|Any CPU
		{EEED5274-3CE2-A7F2-1EF1-5CECCD705DCF}.Release|Any CPU.ActiveCfg = Release|Any CPU
		{EEED5274-3CE2-A7F2-1EF1-5CECCD705DCF}.Release|Any CPU.Build.0 = Release|Any CPU
	EndGlobalSection
	GlobalSection(SolutionProperties) = preSolution
		HideSolutionNode = FALSE
	EndGlobalSection
EndGlobal
